
Microsoft Visual Studio Solution File, Format Version 12.00
# Visual Studio Version 17
VisualStudioVersion = 17.5.33530.505
MinimumVisualStudioVersion = 10.0.40219.1
Project("{FAE04EC0-301F-11D3-BF4B-00C04F79EFBC}") = "ChatRom.WebClient", "ChatRom.WebClient\ChatRom.WebClient.csproj", "{342A6D82-F342-4560-ACC8-F74C20E35114}"
EndProject
Global
	GlobalSection(SolutionConfigurationPlatforms) = preSolution
		Debug|Any CPU = Debug|Any CPU
		Release|Any CPU = Release|Any CPU
	EndGlobalSection
	GlobalSection(ProjectConfigurationPlatforms) = postSolution
		{342A6D82-F342-4560-ACC8-F74C20E35114}.Debug|Any CPU.ActiveCfg = Debug|Any CPU
		{342A6D82-F342-4560-ACC8-F74C20E35114}.Debug|Any CPU.Build.0 = Debug|Any CPU
		{342A6D82-F342-4560-ACC8-F74C20E35114}.Release|Any CPU.ActiveCfg = Release|Any CPU
		{342A6D82-F342-4560-ACC8-F74C20E35114}.Release|Any CPU.Build.0 = Release|Any CPU
	EndGlobalSection
	GlobalSection(SolutionProperties) = preSolution
		HideSolutionNode = FALSE
	EndGlobalSection
	GlobalSection(ExtensibilityGlobals) = postSolution
		SolutionGuid = {78ED0715-376E-4FE5-9D08-05FDD7EE97A9}
	EndGlobalSection
EndGlobal
